
Microsoft Visual Studio Solution File, Format Version 12.00
# Visual Studio Version 17
VisualStudioVersion = 17.11.35222.181
MinimumVisualStudioVersion = 10.0.40219.1
Project("{9A19103F-16F7-4668-BE54-9A1E7A4F7556}") = "Candidate_BusinessObject", "Candidate_BusinessObject\Candidate_BusinessObject.csproj", "{2E42E18D-B353-4636-A4D0-A34EB39CE93B}"
EndProject
Project("{9A19103F-16F7-4668-BE54-9A1E7A4F7556}") = "Candidate_DAO", "Candidate_DAO\Candidate_DAO.csproj", "{66C3EA72-835C-43F9-BA55-002727180DBE}"
EndProject
Project("{9A19103F-16F7-4668-BE54-9A1E7A4F7556}") = "Candidate_Repository", "Candidate_Repository\Candidate_Repository.csproj", "{C1DCC5B1-2468-47BC-BF1B-0E10AF7445B4}"
EndProject
Project("{9A19103F-16F7-4668-BE54-9A1E7A4F7556}") = "Candidate_Service", "Candidate_Service\Candidate_Service.csproj", "{D5E47FDC-844C-461E-91B1-3C874564D903}"
EndProject
Project("{9A19103F-16F7-4668-BE54-9A1E7A4F7556}") = "Candidate_WPF_GUI", "Candidate_WPF_GUI\Candidate_WPF_GUI.csproj", "{A5A84536-4708-43FE-AA4F-F064B874E5A6}"
EndProject
Project("{9A19103F-16F7-4668-BE54-9A1E7A4F7556}") = "CandidateManagementWebsite", "CandidateManagementWebsite\CandidateManagementWebsite.csproj", "{DC4BFFD4-774F-4C05-9FA6-A4DD55909C02}"
EndProject
Project("{9A19103F-16F7-4668-BE54-9A1E7A4F7556}") = "CandidateManagementWebsiteJson", "CandidateManagementWebsiteJson\CandidateManagementWebsiteJson.csproj", "{1B3C5FA5-57CA-4ACD-83AB-6DD59DD15D0A}"
EndProject
Global
	GlobalSection(SolutionConfigurationPlatforms) = preSolution
		Debug|Any CPU = Debug|Any CPU
		Release|Any CPU = Release|Any CPU
	EndGlobalSection
	GlobalSection(ProjectConfigurationPlatforms) = postSolution
		{2E42E18D-B353-4636-A4D0-A34EB39CE93B}.Debug|Any CPU.ActiveCfg = Debug|Any CPU
		{2E42E18D-B353-4636-A4D0-A34EB39CE93B}.Debug|Any CPU.Build.0 = Debug|Any CPU
		{2E42E18D-B353-4636-A4D0-A34EB39CE93B}.Release|Any CPU.ActiveCfg = Release|Any CPU
		{2E42E18D-B353-4636-A4D0-A34EB39CE93B}.Release|Any CPU.Build.0 = Release|Any CPU
		{66C3EA72-835C-43F9-BA55-002727180DBE}.Debug|Any CPU.ActiveCfg = Debug|Any CPU
		{66C3EA72-835C-43F9-BA55-002727180DBE}.Debug|Any CPU.Build.0 = Debug|Any CPU
		{66C3EA72-835C-43F9-BA55-002727180DBE}.Release|Any CPU.ActiveCfg = Release|Any CPU
		{66C3EA72-835C-43F9-BA55-002727180DBE}.Release|Any CPU.Build.0 = Release|Any CPU
		{C1DCC5B1-2468-47BC-BF1B-0E10AF7445B4}.Debug|Any CPU.ActiveCfg = Debug|Any CPU
		{C1DCC5B1-2468-47BC-BF1B-0E10AF7445B4}.Debug|Any CPU.Build.0 = Debug|Any CPU
		{C1DCC5B1-2468-47BC-BF1B-0E10AF7445B4}.Release|Any CPU.ActiveCfg = Release|Any CPU
		{C1DCC5B1-2468-47BC-BF1B-0E10AF7445B4}.Release|Any CPU.Build.0 = Release|Any CPU
		{D5E47FDC-844C-461E-91B1-3C874564D903}.Debug|Any CPU.ActiveCfg = Debug|Any CPU
		{D5E47FDC-844C-461E-91B1-3C874564D903}.Debug|Any CPU.Build.0 = Debug|Any CPU
		{D5E47FDC-844C-461E-91B1-3C874564D903}.Release|Any CPU.ActiveCfg = Release|Any CPU
		{D5E47FDC-844C-461E-91B1-3C874564D903}.Release|Any CPU.Build.0 = Release|Any CPU
		{A5A84536-4708-43FE-AA4F-F064B874E5A6}.Debug|Any CPU.ActiveCfg = Debug|Any CPU
		{A5A84536-4708-43FE-AA4F-F064B874E5A6}.Debug|Any CPU.Build.0 = Debug|Any CPU
		{A5A84536-4708-43FE-AA4F-F064B874E5A6}.Release|Any CPU.ActiveCfg = Release|Any CPU
		{A5A84536-4708-43FE-AA4F-F064B874E5A6}.Release|Any CPU.Build.0 = Release|Any CPU
		{DC4BFFD4-774F-4C05-9FA6-A4DD55909C02}.Debug|Any CPU.ActiveCfg = Debug|Any CPU
		{DC4BFFD4-774F-4C05-9FA6-A4DD55909C02}.Debug|Any CPU.Build.0 = Debug|Any CPU
		{DC4BFFD4-774F-4C05-9FA6-A4DD55909C02}.Release|Any CPU.ActiveCfg = Release|Any CPU
		{DC4BFFD4-774F-4C05-9FA6-A4DD55909C02}.Release|Any CPU.Build.0 = Release|Any CPU
		{1B3C5FA5-57CA-4ACD-83AB-6DD59DD15D0A}.Debug|Any CPU.ActiveCfg = Debug|Any CPU
		{1B3C5FA5-57CA-4ACD-83AB-6DD59DD15D0A}.Debug|Any CPU.Build.0 = Debug|Any CPU
		{1B3C5FA5-57CA-4ACD-83AB-6DD59DD15D0A}.Release|Any CPU.ActiveCfg = Release|Any CPU
		{1B3C5FA5-57CA-4ACD-83AB-6DD59DD15D0A}.Release|Any CPU.Build.0 = Release|Any CPU
	EndGlobalSection
	GlobalSection(SolutionProperties) = preSolution
		HideSolutionNode = FALSE
	EndGlobalSection
	GlobalSection(ExtensibilityGlobals) = postSolution
		SolutionGuid = {2FFA786B-980A-421C-994F-FC2A95158E5D}
	EndGlobalSection
EndGlobal
